// !$*UTF8*$!
{
	archiveVersion = 1;
	classes = {
	};
	objectVersion = 46;
	objects = {

/* Begin PBXBuildFile section */
		D75D631C1CF58A9800DEE815 /* main.m in Sources */ = {isa = PBXBuildFile; fileRef = D75D631B1CF58A9800DEE815 /* main.m */; };
		D75D631F1CF58A9800DEE815 /* AppDelegate.m in Sources */ = {isa = PBXBuildFile; fileRef = D75D631E1CF58A9800DEE815 /* AppDelegate.m */; };
		D75D63221CF58A9800DEE815 /* ViewController.m in Sources */ = {isa = PBXBuildFile; fileRef = D75D63211CF58A9800DEE815 /* ViewController.m */; };
		D75D63251CF58A9800DEE815 /* Main.storyboard in Resources */ = {isa = PBXBuildFile; fileRef = D75D63231CF58A9800DEE815 /* Main.storyboard */; };
		D75D63271CF58A9800DEE815 /* Assets.xcassets in Resources */ = {isa = PBXBuildFile; fileRef = D75D63261CF58A9800DEE815 /* Assets.xcassets */; };
		D75D632A1CF58A9800DEE815 /* LaunchScreen.storyboard in Resources */ = {isa = PBXBuildFile; fileRef = D75D63281CF58A9800DEE815 /* LaunchScreen.storyboard */; };
		D75D63351CF58A9800DEE815 /* TTCollectionViewTests.m in Sources */ = {isa = PBXBuildFile; fileRef = D75D63341CF58A9800DEE815 /* TTCollectionViewTests.m */; };
		D75D63401CF58A9800DEE815 /* TTCollectionViewUITests.m in Sources */ = {isa = PBXBuildFile; fileRef = D75D633F1CF58A9800DEE815 /* TTCollectionViewUITests.m */; };
		D75D63501CF5991700DEE815 /* TTMInfiniteCarouselView.m in Sources */ = {isa = PBXBuildFile; fileRef = D75D634F1CF5991700DEE815 /* TTMInfiniteCarouselView.m */; };
		D75D63561CF59DFC00DEE815 /* TTMInfiniteCarouselItem.m in Sources */ = {isa = PBXBuildFile; fileRef = D75D63541CF59DFC00DEE815 /* TTMInfiniteCarouselItem.m */; };
		D75D63571CF59DFC00DEE815 /* TTMInfiniteCarouselItem.xib in Resources */ = {isa = PBXBuildFile; fileRef = D75D63551CF59DFC00DEE815 /* TTMInfiniteCarouselItem.xib */; };
		D75D635A1CF5B13100DEE815 /* 2_750x300.jpg in Resources */ = {isa = PBXBuildFile; fileRef = D75D63591CF5B13100DEE815 /* 2_750x300.jpg */; };
		D75D635C1CF5B15800DEE815 /* 1_750x300.jpg in Resources */ = {isa = PBXBuildFile; fileRef = D75D635B1CF5B15800DEE815 /* 1_750x300.jpg */; };
		D75D635E1CF5EF7A00DEE815 /* 3_750x300.jpg in Resources */ = {isa = PBXBuildFile; fileRef = D75D635D1CF5EF7A00DEE815 /* 3_750x300.jpg */; };
		D75D63601CF5EFBD00DEE815 /* 4_750x300.jpg in Resources */ = {isa = PBXBuildFile; fileRef = D75D635F1CF5EFBD00DEE815 /* 4_750x300.jpg */; };
		D75D63621CF5F0C800DEE815 /* 5_750x300.jpg in Resources */ = {isa = PBXBuildFile; fileRef = D75D63611CF5F0C800DEE815 /* 5_750x300.jpg */; };
/* End PBXBuildFile section */

/* Begin PBXContainerItemProxy section */
		D75D63311CF58A9800DEE815 /* PBXContainerItemProxy */ = {
			isa = PBXContainerItemProxy;
			containerPortal = D75D630F1CF58A9800DEE815 /* Project object */;
			proxyType = 1;
			remoteGlobalIDString = D75D63161CF58A9800DEE815;
			remoteInfo = TTCollectionView;
		};
		D75D633C1CF58A9800DEE815 /* PBXContainerItemProxy */ = {
			isa = PBXContainerItemProxy;
			containerPortal = D75D630F1CF58A9800DEE815 /* Project object */;
			proxyType = 1;
			remoteGlobalIDString = D75D63161CF58A9800DEE815;
			remoteInfo = TTCollectionView;
		};
/* End PBXContainerItemProxy section */

/* Begin PBXFileReference section */
		D75D63171CF58A9800DEE815 /* TTCollectionView.app */ = {isa = PBXFileReference; explicitFileType = wrapper.application; includeInIndex = 0; path = TTCollectionView.app; sourceTree = BUILT_PRODUCTS_DIR; };
		D75D631B1CF58A9800DEE815 /* main.m */ = {isa = PBXFileReference; lastKnownFileType = sourcecode.c.objc; path = main.m; sourceTree = "<group>"; };
		D75D631D1CF58A9800DEE815 /* AppDelegate.h */ = {isa = PBXFileReference; lastKnownFileType = sourcecode.c.h; path = AppDelegate.h; sourceTree = "<group>"; };
		D75D631E1CF58A9800DEE815 /* AppDelegate.m */ = {isa = PBXFileReference; lastKnownFileType = sourcecode.c.objc; path = AppDelegate.m; sourceTree = "<group>"; };
		D75D63201CF58A9800DEE815 /* ViewController.h */ = {isa = PBXFileReference; lastKnownFileType = sourcecode.c.h; path = ViewController.h; sourceTree = "<group>"; };
		D75D63211CF58A9800DEE815 /* ViewController.m */ = {isa = PBXFileReference; lastKnownFileType = sourcecode.c.objc; path = ViewController.m; sourceTree = "<group>"; };
		D75D63241CF58A9800DEE815 /* Base */ = {isa = PBXFileReference; lastKnownFileType = file.storyboard; name = Base; path = Base.lproj/Main.storyboard; sourceTree = "<group>"; };
		D75D63261CF58A9800DEE815 /* Assets.xcassets */ = {isa = PBXFileReference; lastKnownFileType = folder.assetcatalog; path = Assets.xcassets; sourceTree = "<group>"; };
		D75D63291CF58A9800DEE815 /* Base */ = {isa = PBXFileReference; lastKnownFileType = file.storyboard; name = Base; path = Base.lproj/LaunchScreen.storyboard; sourceTree = "<group>"; };
		D75D632B1CF58A9800DEE815 /* Info.plist */ = {isa = PBXFileReference; lastKnownFileType = text.plist.xml; path = Info.plist; sourceTree = "<group>"; };
		D75D63301CF58A9800DEE815 /* TTCollectionViewTests.xctest */ = {isa = PBXFileReference; explicitFileType = wrapper.cfbundle; includeInIndex = 0; path = TTCollectionViewTests.xctest; sourceTree = BUILT_PRODUCTS_DIR; };
		D75D63341CF58A9800DEE815 /* TTCollectionViewTests.m */ = {isa = PBXFileReference; lastKnownFileType = sourcecode.c.objc; path = TTCollectionViewTests.m; sourceTree = "<group>"; };
		D75D63361CF58A9800DEE815 /* Info.plist */ = {isa = PBXFileReference; lastKnownFileType = text.plist.xml; path = Info.plist; sourceTree = "<group>"; };
		D75D633B1CF58A9800DEE815 /* TTCollectionViewUITests.xctest */ = {isa = PBXFileReference; explicitFileType = wrapper.cfbundle; includeInIndex = 0; path = TTCollectionViewUITests.xctest; sourceTree = BUILT_PRODUCTS_DIR; };
		D75D633F1CF58A9800DEE815 /* TTCollectionViewUITests.m */ = {isa = PBXFileReference; lastKnownFileType = sourcecode.c.objc; path = TTCollectionViewUITests.m; sourceTree = "<group>"; };
		D75D63411CF58A9800DEE815 /* Info.plist */ = {isa = PBXFileReference; lastKnownFileType = text.plist.xml; path = Info.plist; sourceTree = "<group>"; };
		D75D634E1CF5991700DEE815 /* TTMInfiniteCarouselView.h */ = {isa = PBXFileReference; fileEncoding = 4; lastKnownFileType = sourcecode.c.h; path = TTMInfiniteCarouselView.h; sourceTree = "<group>"; };
		D75D634F1CF5991700DEE815 /* TTMInfiniteCarouselView.m */ = {isa = PBXFileReference; fileEncoding = 4; lastKnownFileType = sourcecode.c.objc; path = TTMInfiniteCarouselView.m; sourceTree = "<group>"; };
		D75D63531CF59DFC00DEE815 /* TTMInfiniteCarouselItem.h */ = {isa = PBXFileReference; fileEncoding = 4; lastKnownFileType = sourcecode.c.h; path = TTMInfiniteCarouselItem.h; sourceTree = "<group>"; };
		D75D63541CF59DFC00DEE815 /* TTMInfiniteCarouselItem.m */ = {isa = PBXFileReference; fileEncoding = 4; lastKnownFileType = sourcecode.c.objc; path = TTMInfiniteCarouselItem.m; sourceTree = "<group>"; };
		D75D63551CF59DFC00DEE815 /* TTMInfiniteCarouselItem.xib */ = {isa = PBXFileReference; fileEncoding = 4; lastKnownFileType = file.xib; path = TTMInfiniteCarouselItem.xib; sourceTree = "<group>"; };
		D75D63591CF5B13100DEE815 /* 2_750x300.jpg */ = {isa = PBXFileReference; lastKnownFileType = image.jpeg; path = 2_750x300.jpg; sourceTree = "<group>"; };
		D75D635B1CF5B15800DEE815 /* 1_750x300.jpg */ = {isa = PBXFileReference; lastKnownFileType = image.jpeg; path = 1_750x300.jpg; sourceTree = "<group>"; };
		D75D635D1CF5EF7A00DEE815 /* 3_750x300.jpg */ = {isa = PBXFileReference; lastKnownFileType = image.jpeg; path = 3_750x300.jpg; sourceTree = "<group>"; };
		D75D635F1CF5EFBD00DEE815 /* 4_750x300.jpg */ = {isa = PBXFileReference; lastKnownFileType = image.jpeg; path = 4_750x300.jpg; sourceTree = "<group>"; };
		D75D63611CF5F0C800DEE815 /* 5_750x300.jpg */ = {isa = PBXFileReference; lastKnownFileType = image.jpeg; path = 5_750x300.jpg; sourceTree = "<group>"; };
/* End PBXFileReference section */

/* Begin PBXFrameworksBuildPhase section */
		D75D63141CF58A9800DEE815 /* Frameworks */ = {
			isa = PBXFrameworksBuildPhase;
			buildActionMask = 2147483647;
			files = (
			);
			runOnlyForDeploymentPostprocessing = 0;
		};
		D75D632D1CF58A9800DEE815 /* Frameworks */ = {
			isa = PBXFrameworksBuildPhase;
			buildActionMask = 2147483647;
			files = (
			);
			runOnlyForDeploymentPostprocessing = 0;
		};
		D75D63381CF58A9800DEE815 /* Frameworks */ = {
			isa = PBXFrameworksBuildPhase;
			buildActionMask = 2147483647;
			files = (
			);
			runOnlyForDeploymentPostprocessing = 0;
		};
/* End PBXFrameworksBuildPhase section */

/* Begin PBXGroup section */
		D75D630E1CF58A9800DEE815 = {
			isa = PBXGroup;
			children = (
				D75D63191CF58A9800DEE815 /* TTCollectionView */,
				D75D63331CF58A9800DEE815 /* TTCollectionViewTests */,
				D75D633E1CF58A9800DEE815 /* TTCollectionViewUITests */,
				D75D63181CF58A9800DEE815 /* Products */,
			);
			sourceTree = "<group>";
		};
		D75D63181CF58A9800DEE815 /* Products */ = {
			isa = PBXGroup;
			children = (
				D75D63171CF58A9800DEE815 /* TTCollectionView.app */,
				D75D63301CF58A9800DEE815 /* TTCollectionViewTests.xctest */,
				D75D633B1CF58A9800DEE815 /* TTCollectionViewUITests.xctest */,
			);
			name = Products;
			sourceTree = "<group>";
		};
		D75D63191CF58A9800DEE815 /* TTCollectionView */ = {
			isa = PBXGroup;
			children = (
				D75D63581CF5B02500DEE815 /* Resources */,
				D75D634D1CF5982900DEE815 /* InfiniteCarousel */,
				D75D631D1CF58A9800DEE815 /* AppDelegate.h */,
				D75D631E1CF58A9800DEE815 /* AppDelegate.m */,
				D75D63201CF58A9800DEE815 /* ViewController.h */,
				D75D63211CF58A9800DEE815 /* ViewController.m */,
				D75D63231CF58A9800DEE815 /* Main.storyboard */,
				D75D63261CF58A9800DEE815 /* Assets.xcassets */,
				D75D63281CF58A9800DEE815 /* LaunchScreen.storyboard */,
				D75D632B1CF58A9800DEE815 /* Info.plist */,
				D75D631A1CF58A9800DEE815 /* Supporting Files */,
			);
			path = TTCollectionView;
			sourceTree = "<group>";
		};
		D75D631A1CF58A9800DEE815 /* Supporting Files */ = {
			isa = PBXGroup;
			children = (
				D75D631B1CF58A9800DEE815 /* main.m */,
			);
			name = "Supporting Files";
			sourceTree = "<group>";
		};
		D75D63331CF58A9800DEE815 /* TTCollectionViewTests */ = {
			isa = PBXGroup;
			children = (
				D75D63341CF58A9800DEE815 /* TTCollectionViewTests.m */,
				D75D63361CF58A9800DEE815 /* Info.plist */,
			);
			path = TTCollectionViewTests;
			sourceTree = "<group>";
		};
		D75D633E1CF58A9800DEE815 /* TTCollectionViewUITests */ = {
			isa = PBXGroup;
			children = (
				D75D633F1CF58A9800DEE815 /* TTCollectionViewUITests.m */,
				D75D63411CF58A9800DEE815 /* Info.plist */,
			);
			path = TTCollectionViewUITests;
			sourceTree = "<group>";
		};
		D75D634D1CF5982900DEE815 /* InfiniteCarousel */ = {
			isa = PBXGroup;
			children = (
				D75D634E1CF5991700DEE815 /* TTMInfiniteCarouselView.h */,
				D75D634F1CF5991700DEE815 /* TTMInfiniteCarouselView.m */,
				D75D63531CF59DFC00DEE815 /* TTMInfiniteCarouselItem.h */,
				D75D63541CF59DFC00DEE815 /* TTMInfiniteCarouselItem.m */,
				D75D63551CF59DFC00DEE815 /* TTMInfiniteCarouselItem.xib */,
			);
			path = InfiniteCarousel;
			sourceTree = "<group>";
		};
		D75D63581CF5B02500DEE815 /* Resources */ = {
			isa = PBXGroup;
			children = (
				D75D63611CF5F0C800DEE815 /* 5_750x300.jpg */,
				D75D635F1CF5EFBD00DEE815 /* 4_750x300.jpg */,
				D75D635D1CF5EF7A00DEE815 /* 3_750x300.jpg */,
				D75D635B1CF5B15800DEE815 /* 1_750x300.jpg */,
				D75D63591CF5B13100DEE815 /* 2_750x300.jpg */,
			);
			path = Resources;
			sourceTree = "<group>";
		};
/* End PBXGroup section */

/* Begin PBXNativeTarget section */
		D75D63161CF58A9800DEE815 /* TTCollectionView */ = {
			isa = PBXNativeTarget;
			buildConfigurationList = D75D63441CF58A9800DEE815 /* Build configuration list for PBXNativeTarget "TTCollectionView" */;
			buildPhases = (
				D75D63131CF58A9800DEE815 /* Sources */,
				D75D63141CF58A9800DEE815 /* Frameworks */,
				D75D63151CF58A9800DEE815 /* Resources */,
			);
			buildRules = (
			);
			dependencies = (
			);
			name = TTCollectionView;
			productName = TTCollectionView;
			productReference = D75D63171CF58A9800DEE815 /* TTCollectionView.app */;
			productType = "com.apple.product-type.application";
		};
		D75D632F1CF58A9800DEE815 /* TTCollectionViewTests */ = {
			isa = PBXNativeTarget;
			buildConfigurationList = D75D63471CF58A9800DEE815 /* Build configuration list for PBXNativeTarget "TTCollectionViewTests" */;
			buildPhases = (
				D75D632C1CF58A9800DEE815 /* Sources */,
				D75D632D1CF58A9800DEE815 /* Frameworks */,
				D75D632E1CF58A9800DEE815 /* Resources */,
			);
			buildRules = (
			);
			dependencies = (
				D75D63321CF58A9800DEE815 /* PBXTargetDependency */,
			);
			name = TTCollectionViewTests;
			productName = TTCollectionViewTests;
			productReference = D75D63301CF58A9800DEE815 /* TTCollectionViewTests.xctest */;
			productType = "com.apple.product-type.bundle.unit-test";
		};
		D75D633A1CF58A9800DEE815 /* TTCollectionViewUITests */ = {
			isa = PBXNativeTarget;
			buildConfigurationList = D75D634A1CF58A9800DEE815 /* Build configuration list for PBXNativeTarget "TTCollectionViewUITests" */;
			buildPhases = (
				D75D63371CF58A9800DEE815 /* Sources */,
				D75D63381CF58A9800DEE815 /* Frameworks */,
				D75D63391CF58A9800DEE815 /* Resources */,
			);
			buildRules = (
			);
			dependencies = (
				D75D633D1CF58A9800DEE815 /* PBXTargetDependency */,
			);
			name = TTCollectionViewUITests;
			productName = TTCollectionViewUITests;
			productReference = D75D633B1CF58A9800DEE815 /* TTCollectionViewUITests.xctest */;
			productType = "com.apple.product-type.bundle.ui-testing";
		};
/* End PBXNativeTarget section */

/* Begin PBXProject section */
		D75D630F1CF58A9800DEE815 /* Project object */ = {
			isa = PBXProject;
			attributes = {
				LastUpgradeCheck = 0730;
				ORGANIZATIONNAME = phenix;
				TargetAttributes = {
					D75D63161CF58A9800DEE815 = {
						CreatedOnToolsVersion = 7.3;
					};
					D75D632F1CF58A9800DEE815 = {
						CreatedOnToolsVersion = 7.3;
						TestTargetID = D75D63161CF58A9800DEE815;
					};
					D75D633A1CF58A9800DEE815 = {
						CreatedOnToolsVersion = 7.3;
						TestTargetID = D75D63161CF58A9800DEE815;
					};
				};
			};
			buildConfigurationList = D75D63121CF58A9800DEE815 /* Build configuration list for PBXProject "TTCollectionView" */;
			compatibilityVersion = "Xcode 3.2";
			developmentRegion = English;
			hasScannedForEncodings = 0;
			knownRegions = (
				en,
				Base,
			);
			mainGroup = D75D630E1CF58A9800DEE815;
			productRefGroup = D75D63181CF58A9800DEE815 /* Products */;
			projectDirPath = "";
			projectRoot = "";
			targets = (
				D75D63161CF58A9800DEE815 /* TTCollectionView */,
				D75D632F1CF58A9800DEE815 /* TTCollectionViewTests */,
				D75D633A1CF58A9800DEE815 /* TTCollectionViewUITests */,
			);
		};
/* End PBXProject section */

/* Begin PBXResourcesBuildPhase section */
		D75D63151CF58A9800DEE815 /* Resources */ = {
			isa = PBXResourcesBuildPhase;
			buildActionMask = 2147483647;
			files = (
				D75D63621CF5F0C800DEE815 /* 5_750x300.jpg in Resources */,
				D75D635C1CF5B15800DEE815 /* 1_750x300.jpg in Resources */,
				D75D635E1CF5EF7A00DEE815 /* 3_750x300.jpg in Resources */,
				D75D635A1CF5B13100DEE815 /* 2_750x300.jpg in Resources */,
				D75D632A1CF58A9800DEE815 /* LaunchScreen.storyboard in Resources */,
				D75D63271CF58A9800DEE815 /* Assets.xcassets in Resources */,
				D75D63571CF59DFC00DEE815 /* TTMInfiniteCarouselItem.xib in Resources */,
				D75D63251CF58A9800DEE815 /* Main.storyboard in Resources */,
				D75D63601CF5EFBD00DEE815 /* 4_750x300.jpg in Resources */,
			);
			runOnlyForDeploymentPostprocessing = 0;
		};
		D75D632E1CF58A9800DEE815 /* Resources */ = {
			isa = PBXResourcesBuildPhase;
			buildActionMask = 2147483647;
			files = (
			);
			runOnlyForDeploymentPostprocessing = 0;
		};
		D75D63391CF58A9800DEE815 /* Resources */ = {
			isa = PBXResourcesBuildPhase;
			buildActionMask = 2147483647;
			files = (
			);
			runOnlyForDeploymentPostprocessing = 0;
		};
/* End PBXResourcesBuildPhase section */

/* Begin PBXSourcesBuildPhase section */
		D75D63131CF58A9800DEE815 /* Sources */ = {
			isa = PBXSourcesBuildPhase;
			buildActionMask = 2147483647;
			files = (
				D75D63501CF5991700DEE815 /* TTMInfiniteCarouselView.m in Sources */,
				D75D63221CF58A9800DEE815 /* ViewController.m in Sources */,
				D75D631F1CF58A9800DEE815 /* AppDelegate.m in Sources */,
				D75D631C1CF58A9800DEE815 /* main.m in Sources */,
				D75D63561CF59DFC00DEE815 /* TTMInfiniteCarouselItem.m in Sources */,
			);
			runOnlyForDeploymentPostprocessing = 0;
		};
		D75D632C1CF58A9800DEE815 /* Sources */ = {
			isa = PBXSourcesBuildPhase;
			buildActionMask = 2147483647;
			files = (
				D75D63351CF58A9800DEE815 /* TTCollectionViewTests.m in Sources */,
			);
			runOnlyForDeploymentPostprocessing = 0;
		};
		D75D63371CF58A9800DEE815 /* Sources */ = {
			isa = PBXSourcesBuildPhase;
			buildActionMask = 2147483647;
			files = (
				D75D63401CF58A9800DEE815 /* TTCollectionViewUITests.m in Sources */,
			);
			runOnlyForDeploymentPostprocessing = 0;
		};
/* End PBXSourcesBuildPhase section */

/* Begin PBXTargetDependency section */
		D75D63321CF58A9800DEE815 /* PBXTargetDependency */ = {
			isa = PBXTargetDependency;
			target = D75D63161CF58A9800DEE815 /* TTCollectionView */;
			targetProxy = D75D63311CF58A9800DEE815 /* PBXContainerItemProxy */;
		};
		D75D633D1CF58A9800DEE815 /* PBXTargetDependency */ = {
			isa = PBXTargetDependency;
			target = D75D63161CF58A9800DEE815 /* TTCollectionView */;
			targetProxy = D75D633C1CF58A9800DEE815 /* PBXContainerItemProxy */;
		};
/* End PBXTargetDependency section */

/* Begin PBXVariantGroup section */
		D75D63231CF58A9800DEE815 /* Main.storyboard */ = {
			isa = PBXVariantGroup;
			children = (
				D75D63241CF58A9800DEE815 /* Base */,
			);
			name = Main.storyboard;
			sourceTree = "<group>";
		};
		D75D63281CF58A9800DEE815 /* LaunchScreen.storyboard */ = {
			isa = PBXVariantGroup;
			children = (
				D75D63291CF58A9800DEE815 /* Base */,
			);
			name = LaunchScreen.storyboard;
			sourceTree = "<group>";
		};
/* End PBXVariantGroup section */

/* Begin XCBuildConfiguration section */
		D75D63421CF58A9800DEE815 /* Debug */ = {
			isa = XCBuildConfiguration;
			buildSettings = {
				ALWAYS_SEARCH_USER_PATHS = NO;
				CLANG_ANALYZER_NONNULL = YES;
				CLANG_CXX_LANGUAGE_STANDARD = "gnu++0x";
				CLANG_CXX_LIBRARY = "libc++";
				CLANG_ENABLE_MODULES = YES;
				CLANG_ENABLE_OBJC_ARC = YES;
				CLANG_WARN_BOOL_CONVERSION = YES;
				CLANG_WARN_CONSTANT_CONVERSION = YES;
				CLANG_WARN_DIRECT_OBJC_ISA_USAGE = YES_ERROR;
				CLANG_WARN_EMPTY_BODY = YES;
				CLANG_WARN_ENUM_CONVERSION = YES;
				CLANG_WARN_INT_CONVERSION = YES;
				CLANG_WARN_OBJC_ROOT_CLASS = YES_ERROR;
				CLANG_WARN_UNREACHABLE_CODE = YES;
				CLANG_WARN__DUPLICATE_METHOD_MATCH = YES;
				"CODE_SIGN_IDENTITY[sdk=iphoneos*]" = "iPhone Developer";
				COPY_PHASE_STRIP = NO;
				DEBUG_INFORMATION_FORMAT = dwarf;
				ENABLE_STRICT_OBJC_MSGSEND = YES;
				ENABLE_TESTABILITY = YES;
				GCC_C_LANGUAGE_STANDARD = gnu99;
				GCC_DYNAMIC_NO_PIC = NO;
				GCC_NO_COMMON_BLOCKS = YES;
				GCC_OPTIMIZATION_LEVEL = 0;
				GCC_PREPROCESSOR_DEFINITIONS = (
					"DEBUG=1",
					"$(inherited)",
				);
				GCC_WARN_64_TO_32_BIT_CONVERSION = YES;
				GCC_WARN_ABOUT_RETURN_TYPE = YES_ERROR;
				GCC_WARN_UNDECLARED_SELECTOR = YES;
				GCC_WARN_UNINITIALIZED_AUTOS = YES_AGGRESSIVE;
				GCC_WARN_UNUSED_FUNCTION = YES;
				GCC_WARN_UNUSED_VARIABLE = YES;
				IPHONEOS_DEPLOYMENT_TARGET = 9.3;
				MTL_ENABLE_DEBUG_INFO = YES;
				ONLY_ACTIVE_ARCH = YES;
				SDKROOT = iphoneos;
				TARGETED_DEVICE_FAMILY = "1,2";
			};
			name = Debug;
		};
		D75D63431CF58A9800DEE815 /* Release */ = {
			isa = XCBuildConfiguration;
			buildSettings = {
				ALWAYS_SEARCH_USER_PATHS = NO;
				CLANG_ANALYZER_NONNULL = YES;
				CLANG_CXX_LANGUAGE_STANDARD = "gnu++0x";
				CLANG_CXX_LIBRARY = "libc++";
				CLANG_ENABLE_MODULES = YES;
				CLANG_ENABLE_OBJC_ARC = YES;
				CLANG_WARN_BOOL_CONVERSION = YES;
				CLANG_WARN_CONSTANT_CONVERSION = YES;
				CLANG_WARN_DIRECT_OBJC_ISA_USAGE = YES_ERROR;
				CLANG_WARN_EMPTY_BODY = YES;
				CLANG_WARN_ENUM_CONVERSION = YES;
				CLANG_WARN_INT_CONVERSION = YES;
				CLANG_WARN_OBJC_ROOT_CLASS = YES_ERROR;
				CLANG_WARN_UNREACHABLE_CODE = YES;
				CLANG_WARN__DUPLICATE_METHOD_MATCH = YES;
				"CODE_SIGN_IDENTITY[sdk=iphoneos*]" = "iPhone Developer";
				COPY_PHASE_STRIP = NO;
				DEBUG_INFORMATION_FORMAT = "dwarf-with-dsym";
				ENABLE_NS_ASSERTIONS = NO;
				ENABLE_STRICT_OBJC_MSGSEND = YES;
				GCC_C_LANGUAGE_STANDARD = gnu99;
				GCC_NO_COMMON_BLOCKS = YES;
				GCC_WARN_64_TO_32_BIT_CONVERSION = YES;
				GCC_WARN_ABOUT_RETURN_TYPE = YES_ERROR;
				GCC_WARN_UNDECLARED_SELECTOR = YES;
				GCC_WARN_UNINITIALIZED_AUTOS = YES_AGGRESSIVE;
				GCC_WARN_UNUSED_FUNCTION = YES;
				GCC_WARN_UNUSED_VARIABLE = YES;
				IPHONEOS_DEPLOYMENT_TARGET = 9.3;
				MTL_ENABLE_DEBUG_INFO = NO;
				SDKROOT = iphoneos;
				TARGETED_DEVICE_FAMILY = "1,2";
				VALIDATE_PRODUCT = YES;
			};
			name = Release;
		};
		D75D63451CF58A9800DEE815 /* Debug */ = {
			isa = XCBuildConfiguration;
			buildSettings = {
				ASSETCATALOG_COMPILER_APPICON_NAME = AppIcon;
				INFOPLIST_FILE = TTCollectionView/Info.plist;
				LD_RUNPATH_SEARCH_PATHS = "$(inherited) @executable_path/Frameworks";
				PRODUCT_BUNDLE_IDENTIFIER = com.tt.TTCollectionView;
				PRODUCT_NAME = "$(TARGET_NAME)";
			};
			name = Debug;
		};
		D75D63461CF58A9800DEE815 /* Release */ = {
			isa = XCBuildConfiguration;
			buildSettings = {
				ASSETCATALOG_COMPILER_APPICON_NAME = AppIcon;
				INFOPLIST_FILE = TTCollectionView/Info.plist;
				LD_RUNPATH_SEARCH_PATHS = "$(inherited) @executable_path/Frameworks";
				PRODUCT_BUNDLE_IDENTIFIER = com.tt.TTCollectionView;
				PRODUCT_NAME = "$(TARGET_NAME)";
			};
			name = Release;
		};
		D75D63481CF58A9800DEE815 /* Debug */ = {
			isa = XCBuildConfiguration;
			buildSettings = {
				BUNDLE_LOADER = "$(TEST_HOST)";
				INFOPLIST_FILE = TTCollectionViewTests/Info.plist;
				LD_RUNPATH_SEARCH_PATHS = "$(inherited) @executable_path/Frameworks @loader_path/Frameworks";
				PRODUCT_BUNDLE_IDENTIFIER = com.tt.TTCollectionViewTests;
				PRODUCT_NAME = "$(TARGET_NAME)";
				TEST_HOST = "$(BUILT_PRODUCTS_DIR)/TTCollectionView.app/TTCollectionView";
			};
			name = Debug;
		};
		D75D63491CF58A9800DEE815 /* Release */ = {
			isa = XCBuildConfiguration;
			buildSettings = {
				BUNDLE_LOADER = "$(TEST_HOST)";
				INFOPLIST_FILE = TTCollectionViewTests/Info.plist;
				LD_RUNPATH_SEARCH_PATHS = "$(inherited) @executable_path/Frameworks @loader_path/Frameworks";
				PRODUCT_BUNDLE_IDENTIFIER = com.tt.TTCollectionViewTests;
				PRODUCT_NAME = "$(TARGET_NAME)";
				TEST_HOST = "$(BUILT_PRODUCTS_DIR)/TTCollectionView.app/TTCollectionView";
			};
			name = Release;
		};
		D75D634B1CF58A9800DEE815 /* Debug */ = {
			isa = XCBuildConfiguration;
			buildSettings = {
				INFOPLIST_FILE = TTCollectionViewUITests/Info.plist;
				LD_RUNPATH_SEARCH_PATHS = "$(inherited) @executable_path/Frameworks @loader_path/Frameworks";
				PRODUCT_BUNDLE_IDENTIFIER = com.tt.TTCollectionViewUITests;
				PRODUCT_NAME = "$(TARGET_NAME)";
				TEST_TARGET_NAME = TTCollectionView;
			};
			name = Debug;
		};
		D75D634C1CF58A9800DEE815 /* Release */ = {
			isa = XCBuildConfiguration;
			buildSettings = {
				INFOPLIST_FILE = TTCollectionViewUITests/Info.plist;
				LD_RUNPATH_SEARCH_PATHS = "$(inherited) @executable_path/Frameworks @loader_path/Frameworks";
				PRODUCT_BUNDLE_IDENTIFIER = com.tt.TTCollectionViewUITests;
				PRODUCT_NAME = "$(TARGET_NAME)";
				TEST_TARGET_NAME = TTCollectionView;
			};
			name = Release;
		};
/* End XCBuildConfiguration section */

/* Begin XCConfigurationList section */
		D75D63121CF58A9800DEE815 /* Build configuration list for PBXProject "TTCollectionView" */ = {
			isa = XCConfigurationList;
			buildConfigurations = (
				D75D63421CF58A9800DEE815 /* Debug */,
				D75D63431CF58A9800DEE815 /* Release */,
			);
			defaultConfigurationIsVisible = 0;
			defaultConfigurationName = Release;
		};
		D75D63441CF58A9800DEE815 /* Build configuration list for PBXNativeTarget "TTCollectionView" */ = {
			isa = XCConfigurationList;
			buildConfigurations = (
				D75D63451CF58A9800DEE815 /* Debug */,
				D75D63461CF58A9800DEE815 /* Release */,
			);
			defaultConfigurationIsVisible = 0;
		};
		D75D63471CF58A9800DEE815 /* Build configuration list for PBXNativeTarget "TTCollectionViewTests" */ = {
			isa = XCConfigurationList;
			buildConfigurations = (
				D75D63481CF58A9800DEE815 /* Debug */,
				D75D63491CF58A9800DEE815 /* Release */,
			);
			defaultConfigurationIsVisible = 0;
		};
		D75D634A1CF58A9800DEE815 /* Build configuration list for PBXNativeTarget "TTCollectionViewUITests" */ = {
			isa = XCConfigurationList;
			buildConfigurations = (
				D75D634B1CF58A9800DEE815 /* Debug */,
				D75D634C1CF58A9800DEE815 /* Release */,
			);
			defaultConfigurationIsVisible = 0;
		};
/* End XCConfigurationList section */
	};
	rootObject = D75D630F1CF58A9800DEE815 /* Project object */;
}
