// !$*UTF8*$!
{
	archiveVersion = 1;
	classes = {
	};
	objectVersion = 46;
	objects = {

/* Begin PBXBuildFile section */
		D71CA66A1D01812A00C825B3 /* TTMSlideZoomInFlowLayout.m in Sources */ = {isa = PBXBuildFile; fileRef = D71CA6691D01812A00C825B3 /* TTMSlideZoomInFlowLayout.m */; };
		D71CA66E1D01896100C825B3 /* SlideZoomInViewController.m in Sources */ = {isa = PBXBuildFile; fileRef = D71CA66D1D01896100C825B3 /* SlideZoomInViewController.m */; };
		D71CA6711D018D2D00C825B3 /* SlideZoomInCollectionViewCell.m in Sources */ = {isa = PBXBuildFile; fileRef = D71CA6701D018D2D00C825B3 /* SlideZoomInCollectionViewCell.m */; };
		D71CA6731D0192E200C825B3 /* SlideZoomInCollectionViewCell.xib in Resources */ = {isa = PBXBuildFile; fileRef = D71CA6721D0192E200C825B3 /* SlideZoomInCollectionViewCell.xib */; };
		D74FCDF51D06EC08000F6913 /* LXReorderableCollectionViewFlowLayout.m in Sources */ = {isa = PBXBuildFile; fileRef = D74FCDF41D06EC08000F6913 /* LXReorderableCollectionViewFlowLayout.m */; };
		D74FCDF91D06EC6C000F6913 /* ReorderCellViewController.m in Sources */ = {isa = PBXBuildFile; fileRef = D74FCDF81D06EC6C000F6913 /* ReorderCellViewController.m */; };
		D75D631C1CF58A9800DEE815 /* main.m in Sources */ = {isa = PBXBuildFile; fileRef = D75D631B1CF58A9800DEE815 /* main.m */; };
		D75D631F1CF58A9800DEE815 /* AppDelegate.m in Sources */ = {isa = PBXBuildFile; fileRef = D75D631E1CF58A9800DEE815 /* AppDelegate.m */; };
		D75D63251CF58A9800DEE815 /* Main.storyboard in Resources */ = {isa = PBXBuildFile; fileRef = D75D63231CF58A9800DEE815 /* Main.storyboard */; };
		D75D63271CF58A9800DEE815 /* Assets.xcassets in Resources */ = {isa = PBXBuildFile; fileRef = D75D63261CF58A9800DEE815 /* Assets.xcassets */; };
		D75D632A1CF58A9800DEE815 /* LaunchScreen.storyboard in Resources */ = {isa = PBXBuildFile; fileRef = D75D63281CF58A9800DEE815 /* LaunchScreen.storyboard */; };
		D75D63351CF58A9800DEE815 /* TTCollectionViewTests.m in Sources */ = {isa = PBXBuildFile; fileRef = D75D63341CF58A9800DEE815 /* TTCollectionViewTests.m */; };
		D75D63401CF58A9800DEE815 /* TTCollectionViewUITests.m in Sources */ = {isa = PBXBuildFile; fileRef = D75D633F1CF58A9800DEE815 /* TTCollectionViewUITests.m */; };
		D75D63501CF5991700DEE815 /* TTMInfiniteCarouselView.m in Sources */ = {isa = PBXBuildFile; fileRef = D75D634F1CF5991700DEE815 /* TTMInfiniteCarouselView.m */; };
		D75D63561CF59DFC00DEE815 /* TTMInfiniteCarouselItem.m in Sources */ = {isa = PBXBuildFile; fileRef = D75D63541CF59DFC00DEE815 /* TTMInfiniteCarouselItem.m */; };
		D75D63571CF59DFC00DEE815 /* TTMInfiniteCarouselItem.xib in Resources */ = {isa = PBXBuildFile; fileRef = D75D63551CF59DFC00DEE815 /* TTMInfiniteCarouselItem.xib */; };
		D7A2F8181D003F2000F2FB20 /* StretchyHeaderSectionHeaderCollectionReusableView.m in Sources */ = {isa = PBXBuildFile; fileRef = D7A2F8161D003F2000F2FB20 /* StretchyHeaderSectionHeaderCollectionReusableView.m */; };
		D7A2F8191D003F2000F2FB20 /* StretchyHeaderSectionHeaderCollectionReusableView.xib in Resources */ = {isa = PBXBuildFile; fileRef = D7A2F8171D003F2000F2FB20 /* StretchyHeaderSectionHeaderCollectionReusableView.xib */; };
		D7A2F81D1D00530900F2FB20 /* tiger.jpg in Resources */ = {isa = PBXBuildFile; fileRef = D7A2F81B1D00530900F2FB20 /* tiger.jpg */; };
		D7A2F81E1D00530900F2FB20 /* car.jpg in Resources */ = {isa = PBXBuildFile; fileRef = D7A2F81C1D00530900F2FB20 /* car.jpg */; };
		D7D5E8E91CF9D63100B0EE97 /* CHTCollectionViewWaterfallLayout.m in Sources */ = {isa = PBXBuildFile; fileRef = D7D5E8E81CF9D63100B0EE97 /* CHTCollectionViewWaterfallLayout.m */; };
		D7D5E8F41CF9FB6800B0EE97 /* 1_750x300.jpg in Resources */ = {isa = PBXBuildFile; fileRef = D7D5E8EF1CF9FB6800B0EE97 /* 1_750x300.jpg */; };
		D7D5E8F51CF9FB6800B0EE97 /* 2_750x300.jpg in Resources */ = {isa = PBXBuildFile; fileRef = D7D5E8F01CF9FB6800B0EE97 /* 2_750x300.jpg */; };
		D7D5E8F61CF9FB6800B0EE97 /* 3_750x300.jpg in Resources */ = {isa = PBXBuildFile; fileRef = D7D5E8F11CF9FB6800B0EE97 /* 3_750x300.jpg */; };
		D7D5E8F71CF9FB6800B0EE97 /* 4_750x300.jpg in Resources */ = {isa = PBXBuildFile; fileRef = D7D5E8F21CF9FB6800B0EE97 /* 4_750x300.jpg */; };
		D7D5E8F81CF9FB6800B0EE97 /* 5_750x300.jpg in Resources */ = {isa = PBXBuildFile; fileRef = D7D5E8F31CF9FB6800B0EE97 /* 5_750x300.jpg */; };
		D7D5E90E1CFA012200B0EE97 /* 300X768.jpg in Resources */ = {isa = PBXBuildFile; fileRef = D7D5E8FA1CFA012200B0EE97 /* 300X768.jpg */; };
		D7D5E90F1CFA012200B0EE97 /* 380X475.jpg in Resources */ = {isa = PBXBuildFile; fileRef = D7D5E8FB1CFA012200B0EE97 /* 380X475.jpg */; };
		D7D5E9101CFA012200B0EE97 /* 400*575.jpg in Resources */ = {isa = PBXBuildFile; fileRef = D7D5E8FC1CFA012200B0EE97 /* 400*575.jpg */; };
		D7D5E9111CFA012200B0EE97 /* 425X638.jpg in Resources */ = {isa = PBXBuildFile; fileRef = D7D5E8FD1CFA012200B0EE97 /* 425X638.jpg */; };
		D7D5E9121CFA012200B0EE97 /* 446X666.jpg in Resources */ = {isa = PBXBuildFile; fileRef = D7D5E8FE1CFA012200B0EE97 /* 446X666.jpg */; };
		D7D5E9131CFA012200B0EE97 /* 457X500.jpg in Resources */ = {isa = PBXBuildFile; fileRef = D7D5E8FF1CFA012200B0EE97 /* 457X500.jpg */; };
		D7D5E9141CFA012200B0EE97 /* 460X460.jpg in Resources */ = {isa = PBXBuildFile; fileRef = D7D5E9001CFA012200B0EE97 /* 460X460.jpg */; };
		D7D5E9151CFA012200B0EE97 /* 474X474-2.jpg in Resources */ = {isa = PBXBuildFile; fileRef = D7D5E9011CFA012200B0EE97 /* 474X474-2.jpg */; };
		D7D5E9161CFA012200B0EE97 /* 474X474-3.jpg in Resources */ = {isa = PBXBuildFile; fileRef = D7D5E9021CFA012200B0EE97 /* 474X474-3.jpg */; };
		D7D5E9171CFA012200B0EE97 /* 474X474.jpg in Resources */ = {isa = PBXBuildFile; fileRef = D7D5E9031CFA012200B0EE97 /* 474X474.jpg */; };
		D7D5E9181CFA012200B0EE97 /* 474X639.jpg in Resources */ = {isa = PBXBuildFile; fileRef = D7D5E9041CFA012200B0EE97 /* 474X639.jpg */; };
		D7D5E9191CFA012200B0EE97 /* 474X663.jpg in Resources */ = {isa = PBXBuildFile; fileRef = D7D5E9051CFA012200B0EE97 /* 474X663.jpg */; };
		D7D5E91A1CFA012200B0EE97 /* 474X701.jpg in Resources */ = {isa = PBXBuildFile; fileRef = D7D5E9061CFA012200B0EE97 /* 474X701.jpg */; };
		D7D5E91B1CFA012200B0EE97 /* 474X710.jpg in Resources */ = {isa = PBXBuildFile; fileRef = D7D5E9071CFA012200B0EE97 /* 474X710.jpg */; };
		D7D5E91C1CFA012200B0EE97 /* 474X711-2.jpg in Resources */ = {isa = PBXBuildFile; fileRef = D7D5E9081CFA012200B0EE97 /* 474X711-2.jpg */; };
		D7D5E91D1CFA012200B0EE97 /* 474X711.jpg in Resources */ = {isa = PBXBuildFile; fileRef = D7D5E9091CFA012200B0EE97 /* 474X711.jpg */; };
		D7D5E91E1CFA012200B0EE97 /* 474X713.jpg in Resources */ = {isa = PBXBuildFile; fileRef = D7D5E90A1CFA012200B0EE97 /* 474X713.jpg */; };
		D7D5E91F1CFA012200B0EE97 /* 474X754.jpg in Resources */ = {isa = PBXBuildFile; fileRef = D7D5E90B1CFA012200B0EE97 /* 474X754.jpg */; };
		D7D5E9201CFA012200B0EE97 /* 474X779.jpg in Resources */ = {isa = PBXBuildFile; fileRef = D7D5E90C1CFA012200B0EE97 /* 474X779.jpg */; };
		D7D5E9211CFA012200B0EE97 /* 474X1510.jpg in Resources */ = {isa = PBXBuildFile; fileRef = D7D5E90D1CFA012200B0EE97 /* 474X1510.jpg */; };
		D7D5E9261CFA025800B0EE97 /* InfiniteCarouselDemoVC.m in Sources */ = {isa = PBXBuildFile; fileRef = D7D5E9251CFA025800B0EE97 /* InfiniteCarouselDemoVC.m */; };
		D7D5E9291CFA028700B0EE97 /* WaterFallCollectionViewCell.m in Sources */ = {isa = PBXBuildFile; fileRef = D7D5E9281CFA028700B0EE97 /* WaterFallCollectionViewCell.m */; };
		D7D5E92C1CFA033500B0EE97 /* WaterFallViewController.m in Sources */ = {isa = PBXBuildFile; fileRef = D7D5E92B1CFA033500B0EE97 /* WaterFallViewController.m */; };
		D7F572BC1D0013EF00435D96 /* TTMStretchyHeaderCollectionViewLayout.m in Sources */ = {isa = PBXBuildFile; fileRef = D7F572BB1D0013EF00435D96 /* TTMStretchyHeaderCollectionViewLayout.m */; };
		D7F572BF1D00196B00435D96 /* StretchyHeaderViewController.m in Sources */ = {isa = PBXBuildFile; fileRef = D7F572BE1D00196B00435D96 /* StretchyHeaderViewController.m */; };
/* End PBXBuildFile section */

/* Begin PBXContainerItemProxy section */
		D75D63311CF58A9800DEE815 /* PBXContainerItemProxy */ = {
			isa = PBXContainerItemProxy;
			containerPortal = D75D630F1CF58A9800DEE815 /* Project object */;
			proxyType = 1;
			remoteGlobalIDString = D75D63161CF58A9800DEE815;
			remoteInfo = TTCollectionView;
		};
		D75D633C1CF58A9800DEE815 /* PBXContainerItemProxy */ = {
			isa = PBXContainerItemProxy;
			containerPortal = D75D630F1CF58A9800DEE815 /* Project object */;
			proxyType = 1;
			remoteGlobalIDString = D75D63161CF58A9800DEE815;
			remoteInfo = TTCollectionView;
		};
/* End PBXContainerItemProxy section */

/* Begin PBXFileReference section */
		D71CA6681D01812A00C825B3 /* TTMSlideZoomInFlowLayout.h */ = {isa = PBXFileReference; fileEncoding = 4; lastKnownFileType = sourcecode.c.h; path = TTMSlideZoomInFlowLayout.h; sourceTree = "<group>"; };
		D71CA6691D01812A00C825B3 /* TTMSlideZoomInFlowLayout.m */ = {isa = PBXFileReference; fileEncoding = 4; lastKnownFileType = sourcecode.c.objc; path = TTMSlideZoomInFlowLayout.m; sourceTree = "<group>"; };
		D71CA66C1D01896100C825B3 /* SlideZoomInViewController.h */ = {isa = PBXFileReference; fileEncoding = 4; lastKnownFileType = sourcecode.c.h; path = SlideZoomInViewController.h; sourceTree = "<group>"; };
		D71CA66D1D01896100C825B3 /* SlideZoomInViewController.m */ = {isa = PBXFileReference; fileEncoding = 4; lastKnownFileType = sourcecode.c.objc; path = SlideZoomInViewController.m; sourceTree = "<group>"; };
		D71CA66F1D018D2D00C825B3 /* SlideZoomInCollectionViewCell.h */ = {isa = PBXFileReference; fileEncoding = 4; lastKnownFileType = sourcecode.c.h; path = SlideZoomInCollectionViewCell.h; sourceTree = "<group>"; };
		D71CA6701D018D2D00C825B3 /* SlideZoomInCollectionViewCell.m */ = {isa = PBXFileReference; fileEncoding = 4; lastKnownFileType = sourcecode.c.objc; path = SlideZoomInCollectionViewCell.m; sourceTree = "<group>"; };
		D71CA6721D0192E200C825B3 /* SlideZoomInCollectionViewCell.xib */ = {isa = PBXFileReference; fileEncoding = 4; lastKnownFileType = file.xib; path = SlideZoomInCollectionViewCell.xib; sourceTree = "<group>"; };
		D74FCDF31D06EC08000F6913 /* LXReorderableCollectionViewFlowLayout.h */ = {isa = PBXFileReference; fileEncoding = 4; lastKnownFileType = sourcecode.c.h; path = LXReorderableCollectionViewFlowLayout.h; sourceTree = "<group>"; };
		D74FCDF41D06EC08000F6913 /* LXReorderableCollectionViewFlowLayout.m */ = {isa = PBXFileReference; fileEncoding = 4; lastKnownFileType = sourcecode.c.objc; path = LXReorderableCollectionViewFlowLayout.m; sourceTree = "<group>"; };
		D74FCDF71D06EC6C000F6913 /* ReorderCellViewController.h */ = {isa = PBXFileReference; fileEncoding = 4; lastKnownFileType = sourcecode.c.h; path = ReorderCellViewController.h; sourceTree = "<group>"; };
		D74FCDF81D06EC6C000F6913 /* ReorderCellViewController.m */ = {isa = PBXFileReference; fileEncoding = 4; lastKnownFileType = sourcecode.c.objc; path = ReorderCellViewController.m; sourceTree = "<group>"; };
		D75D63171CF58A9800DEE815 /* TTCollectionView.app */ = {isa = PBXFileReference; explicitFileType = wrapper.application; includeInIndex = 0; path = TTCollectionView.app; sourceTree = BUILT_PRODUCTS_DIR; };
		D75D631B1CF58A9800DEE815 /* main.m */ = {isa = PBXFileReference; lastKnownFileType = sourcecode.c.objc; path = main.m; sourceTree = "<group>"; };
		D75D631D1CF58A9800DEE815 /* AppDelegate.h */ = {isa = PBXFileReference; lastKnownFileType = sourcecode.c.h; path = AppDelegate.h; sourceTree = "<group>"; };
		D75D631E1CF58A9800DEE815 /* AppDelegate.m */ = {isa = PBXFileReference; lastKnownFileType = sourcecode.c.objc; path = AppDelegate.m; sourceTree = "<group>"; };
		D75D63241CF58A9800DEE815 /* Base */ = {isa = PBXFileReference; lastKnownFileType = file.storyboard; name = Base; path = Base.lproj/Main.storyboard; sourceTree = "<group>"; };
		D75D63261CF58A9800DEE815 /* Assets.xcassets */ = {isa = PBXFileReference; lastKnownFileType = folder.assetcatalog; path = Assets.xcassets; sourceTree = "<group>"; };
		D75D63291CF58A9800DEE815 /* Base */ = {isa = PBXFileReference; lastKnownFileType = file.storyboard; name = Base; path = Base.lproj/LaunchScreen.storyboard; sourceTree = "<group>"; };
		D75D632B1CF58A9800DEE815 /* Info.plist */ = {isa = PBXFileReference; lastKnownFileType = text.plist.xml; path = Info.plist; sourceTree = "<group>"; };
		D75D63301CF58A9800DEE815 /* TTCollectionViewTests.xctest */ = {isa = PBXFileReference; explicitFileType = wrapper.cfbundle; includeInIndex = 0; path = TTCollectionViewTests.xctest; sourceTree = BUILT_PRODUCTS_DIR; };
		D75D63341CF58A9800DEE815 /* TTCollectionViewTests.m */ = {isa = PBXFileReference; lastKnownFileType = sourcecode.c.objc; path = TTCollectionViewTests.m; sourceTree = "<group>"; };
		D75D63361CF58A9800DEE815 /* Info.plist */ = {isa = PBXFileReference; lastKnownFileType = text.plist.xml; path = Info.plist; sourceTree = "<group>"; };
		D75D633B1CF58A9800DEE815 /* TTCollectionViewUITests.xctest */ = {isa = PBXFileReference; explicitFileType = wrapper.cfbundle; includeInIndex = 0; path = TTCollectionViewUITests.xctest; sourceTree = BUILT_PRODUCTS_DIR; };
		D75D633F1CF58A9800DEE815 /* TTCollectionViewUITests.m */ = {isa = PBXFileReference; lastKnownFileType = sourcecode.c.objc; path = TTCollectionViewUITests.m; sourceTree = "<group>"; };
		D75D63411CF58A9800DEE815 /* Info.plist */ = {isa = PBXFileReference; lastKnownFileType = text.plist.xml; path = Info.plist; sourceTree = "<group>"; };
		D75D634E1CF5991700DEE815 /* TTMInfiniteCarouselView.h */ = {isa = PBXFileReference; fileEncoding = 4; lastKnownFileType = sourcecode.c.h; path = TTMInfiniteCarouselView.h; sourceTree = "<group>"; };
		D75D634F1CF5991700DEE815 /* TTMInfiniteCarouselView.m */ = {isa = PBXFileReference; fileEncoding = 4; lastKnownFileType = sourcecode.c.objc; path = TTMInfiniteCarouselView.m; sourceTree = "<group>"; };
		D75D63531CF59DFC00DEE815 /* TTMInfiniteCarouselItem.h */ = {isa = PBXFileReference; fileEncoding = 4; lastKnownFileType = sourcecode.c.h; path = TTMInfiniteCarouselItem.h; sourceTree = "<group>"; };
		D75D63541CF59DFC00DEE815 /* TTMInfiniteCarouselItem.m */ = {isa = PBXFileReference; fileEncoding = 4; lastKnownFileType = sourcecode.c.objc; path = TTMInfiniteCarouselItem.m; sourceTree = "<group>"; };
		D75D63551CF59DFC00DEE815 /* TTMInfiniteCarouselItem.xib */ = {isa = PBXFileReference; fileEncoding = 4; lastKnownFileType = file.xib; path = TTMInfiniteCarouselItem.xib; sourceTree = "<group>"; };
		D7A2F8151D003F2000F2FB20 /* StretchyHeaderSectionHeaderCollectionReusableView.h */ = {isa = PBXFileReference; fileEncoding = 4; lastKnownFileType = sourcecode.c.h; path = StretchyHeaderSectionHeaderCollectionReusableView.h; sourceTree = "<group>"; };
		D7A2F8161D003F2000F2FB20 /* StretchyHeaderSectionHeaderCollectionReusableView.m */ = {isa = PBXFileReference; fileEncoding = 4; lastKnownFileType = sourcecode.c.objc; path = StretchyHeaderSectionHeaderCollectionReusableView.m; sourceTree = "<group>"; };
		D7A2F8171D003F2000F2FB20 /* StretchyHeaderSectionHeaderCollectionReusableView.xib */ = {isa = PBXFileReference; fileEncoding = 4; lastKnownFileType = file.xib; path = StretchyHeaderSectionHeaderCollectionReusableView.xib; sourceTree = "<group>"; };
		D7A2F81B1D00530900F2FB20 /* tiger.jpg */ = {isa = PBXFileReference; lastKnownFileType = image.jpeg; path = tiger.jpg; sourceTree = "<group>"; };
		D7A2F81C1D00530900F2FB20 /* car.jpg */ = {isa = PBXFileReference; lastKnownFileType = image.jpeg; path = car.jpg; sourceTree = "<group>"; };
		D7D5E8E71CF9D63100B0EE97 /* CHTCollectionViewWaterfallLayout.h */ = {isa = PBXFileReference; fileEncoding = 4; lastKnownFileType = sourcecode.c.h; path = CHTCollectionViewWaterfallLayout.h; sourceTree = "<group>"; };
		D7D5E8E81CF9D63100B0EE97 /* CHTCollectionViewWaterfallLayout.m */ = {isa = PBXFileReference; fileEncoding = 4; lastKnownFileType = sourcecode.c.objc; path = CHTCollectionViewWaterfallLayout.m; sourceTree = "<group>"; };
		D7D5E8EF1CF9FB6800B0EE97 /* 1_750x300.jpg */ = {isa = PBXFileReference; lastKnownFileType = image.jpeg; path = 1_750x300.jpg; sourceTree = "<group>"; };
		D7D5E8F01CF9FB6800B0EE97 /* 2_750x300.jpg */ = {isa = PBXFileReference; lastKnownFileType = image.jpeg; path = 2_750x300.jpg; sourceTree = "<group>"; };
		D7D5E8F11CF9FB6800B0EE97 /* 3_750x300.jpg */ = {isa = PBXFileReference; lastKnownFileType = image.jpeg; path = 3_750x300.jpg; sourceTree = "<group>"; };
		D7D5E8F21CF9FB6800B0EE97 /* 4_750x300.jpg */ = {isa = PBXFileReference; lastKnownFileType = image.jpeg; path = 4_750x300.jpg; sourceTree = "<group>"; };
		D7D5E8F31CF9FB6800B0EE97 /* 5_750x300.jpg */ = {isa = PBXFileReference; lastKnownFileType = image.jpeg; path = 5_750x300.jpg; sourceTree = "<group>"; };
		D7D5E8FA1CFA012200B0EE97 /* 300X768.jpg */ = {isa = PBXFileReference; lastKnownFileType = image.jpeg; path = 300X768.jpg; sourceTree = "<group>"; };
		D7D5E8FB1CFA012200B0EE97 /* 380X475.jpg */ = {isa = PBXFileReference; lastKnownFileType = image.jpeg; path = 380X475.jpg; sourceTree = "<group>"; };
		D7D5E8FC1CFA012200B0EE97 /* 400*575.jpg */ = {isa = PBXFileReference; lastKnownFileType = image.jpeg; path = "400*575.jpg"; sourceTree = "<group>"; };
		D7D5E8FD1CFA012200B0EE97 /* 425X638.jpg */ = {isa = PBXFileReference; lastKnownFileType = image.jpeg; path = 425X638.jpg; sourceTree = "<group>"; };
		D7D5E8FE1CFA012200B0EE97 /* 446X666.jpg */ = {isa = PBXFileReference; lastKnownFileType = image.jpeg; path = 446X666.jpg; sourceTree = "<group>"; };
		D7D5E8FF1CFA012200B0EE97 /* 457X500.jpg */ = {isa = PBXFileReference; lastKnownFileType = image.jpeg; path = 457X500.jpg; sourceTree = "<group>"; };
		D7D5E9001CFA012200B0EE97 /* 460X460.jpg */ = {isa = PBXFileReference; lastKnownFileType = image.jpeg; path = 460X460.jpg; sourceTree = "<group>"; };
		D7D5E9011CFA012200B0EE97 /* 474X474-2.jpg */ = {isa = PBXFileReference; lastKnownFileType = image.jpeg; path = "474X474-2.jpg"; sourceTree = "<group>"; };
		D7D5E9021CFA012200B0EE97 /* 474X474-3.jpg */ = {isa = PBXFileReference; lastKnownFileType = image.jpeg; path = "474X474-3.jpg"; sourceTree = "<group>"; };
		D7D5E9031CFA012200B0EE97 /* 474X474.jpg */ = {isa = PBXFileReference; lastKnownFileType = image.jpeg; path = 474X474.jpg; sourceTree = "<group>"; };
		D7D5E9041CFA012200B0EE97 /* 474X639.jpg */ = {isa = PBXFileReference; lastKnownFileType = image.jpeg; path = 474X639.jpg; sourceTree = "<group>"; };
		D7D5E9051CFA012200B0EE97 /* 474X663.jpg */ = {isa = PBXFileReference; lastKnownFileType = image.jpeg; path = 474X663.jpg; sourceTree = "<group>"; };
		D7D5E9061CFA012200B0EE97 /* 474X701.jpg */ = {isa = PBXFileReference; lastKnownFileType = image.jpeg; path = 474X701.jpg; sourceTree = "<group>"; };
		D7D5E9071CFA012200B0EE97 /* 474X710.jpg */ = {isa = PBXFileReference; lastKnownFileType = image.jpeg; path = 474X710.jpg; sourceTree = "<group>"; };
		D7D5E9081CFA012200B0EE97 /* 474X711-2.jpg */ = {isa = PBXFileReference; lastKnownFileType = image.jpeg; path = "474X711-2.jpg"; sourceTree = "<group>"; };
		D7D5E9091CFA012200B0EE97 /* 474X711.jpg */ = {isa = PBXFileReference; lastKnownFileType = image.jpeg; path = 474X711.jpg; sourceTree = "<group>"; };
		D7D5E90A1CFA012200B0EE97 /* 474X713.jpg */ = {isa = PBXFileReference; lastKnownFileType = image.jpeg; path = 474X713.jpg; sourceTree = "<group>"; };
		D7D5E90B1CFA012200B0EE97 /* 474X754.jpg */ = {isa = PBXFileReference; lastKnownFileType = image.jpeg; path = 474X754.jpg; sourceTree = "<group>"; };
		D7D5E90C1CFA012200B0EE97 /* 474X779.jpg */ = {isa = PBXFileReference; lastKnownFileType = image.jpeg; path = 474X779.jpg; sourceTree = "<group>"; };
		D7D5E90D1CFA012200B0EE97 /* 474X1510.jpg */ = {isa = PBXFileReference; lastKnownFileType = image.jpeg; path = 474X1510.jpg; sourceTree = "<group>"; };
		D7D5E9241CFA025800B0EE97 /* InfiniteCarouselDemoVC.h */ = {isa = PBXFileReference; fileEncoding = 4; lastKnownFileType = sourcecode.c.h; path = InfiniteCarouselDemoVC.h; sourceTree = "<group>"; };
		D7D5E9251CFA025800B0EE97 /* InfiniteCarouselDemoVC.m */ = {isa = PBXFileReference; fileEncoding = 4; lastKnownFileType = sourcecode.c.objc; path = InfiniteCarouselDemoVC.m; sourceTree = "<group>"; };
		D7D5E9271CFA028700B0EE97 /* WaterFallCollectionViewCell.h */ = {isa = PBXFileReference; fileEncoding = 4; lastKnownFileType = sourcecode.c.h; path = WaterFallCollectionViewCell.h; sourceTree = "<group>"; };
		D7D5E9281CFA028700B0EE97 /* WaterFallCollectionViewCell.m */ = {isa = PBXFileReference; fileEncoding = 4; lastKnownFileType = sourcecode.c.objc; path = WaterFallCollectionViewCell.m; sourceTree = "<group>"; };
		D7D5E92A1CFA033500B0EE97 /* WaterFallViewController.h */ = {isa = PBXFileReference; fileEncoding = 4; lastKnownFileType = sourcecode.c.h; path = WaterFallViewController.h; sourceTree = "<group>"; };
		D7D5E92B1CFA033500B0EE97 /* WaterFallViewController.m */ = {isa = PBXFileReference; fileEncoding = 4; lastKnownFileType = sourcecode.c.objc; path = WaterFallViewController.m; sourceTree = "<group>"; };
		D7F572BA1D0013EF00435D96 /* TTMStretchyHeaderCollectionViewLayout.h */ = {isa = PBXFileReference; fileEncoding = 4; lastKnownFileType = sourcecode.c.h; path = TTMStretchyHeaderCollectionViewLayout.h; sourceTree = "<group>"; };
		D7F572BB1D0013EF00435D96 /* TTMStretchyHeaderCollectionViewLayout.m */ = {isa = PBXFileReference; fileEncoding = 4; lastKnownFileType = sourcecode.c.objc; path = TTMStretchyHeaderCollectionViewLayout.m; sourceTree = "<group>"; };
		D7F572BD1D00196B00435D96 /* StretchyHeaderViewController.h */ = {isa = PBXFileReference; fileEncoding = 4; lastKnownFileType = sourcecode.c.h; path = StretchyHeaderViewController.h; sourceTree = "<group>"; };
		D7F572BE1D00196B00435D96 /* StretchyHeaderViewController.m */ = {isa = PBXFileReference; fileEncoding = 4; lastKnownFileType = sourcecode.c.objc; path = StretchyHeaderViewController.m; sourceTree = "<group>"; };
/* End PBXFileReference section */

/* Begin PBXFrameworksBuildPhase section */
		D75D63141CF58A9800DEE815 /* Frameworks */ = {
			isa = PBXFrameworksBuildPhase;
			buildActionMask = 2147483647;
			files = (
			);
			runOnlyForDeploymentPostprocessing = 0;
		};
		D75D632D1CF58A9800DEE815 /* Frameworks */ = {
			isa = PBXFrameworksBuildPhase;
			buildActionMask = 2147483647;
			files = (
			);
			runOnlyForDeploymentPostprocessing = 0;
		};
		D75D63381CF58A9800DEE815 /* Frameworks */ = {
			isa = PBXFrameworksBuildPhase;
			buildActionMask = 2147483647;
			files = (
			);
			runOnlyForDeploymentPostprocessing = 0;
		};
/* End PBXFrameworksBuildPhase section */

/* Begin PBXGroup section */
		D71CA6671D0180F900C825B3 /* SlideZoomIn */ = {
			isa = PBXGroup;
			children = (
				D71CA6681D01812A00C825B3 /* TTMSlideZoomInFlowLayout.h */,
				D71CA6691D01812A00C825B3 /* TTMSlideZoomInFlowLayout.m */,
			);
			path = SlideZoomIn;
			sourceTree = "<group>";
		};
		D71CA66B1D01887C00C825B3 /* SlideZoomIn */ = {
			isa = PBXGroup;
			children = (
				D71CA66C1D01896100C825B3 /* SlideZoomInViewController.h */,
				D71CA66D1D01896100C825B3 /* SlideZoomInViewController.m */,
				D71CA66F1D018D2D00C825B3 /* SlideZoomInCollectionViewCell.h */,
				D71CA6701D018D2D00C825B3 /* SlideZoomInCollectionViewCell.m */,
				D71CA6721D0192E200C825B3 /* SlideZoomInCollectionViewCell.xib */,
			);
			path = SlideZoomIn;
			sourceTree = "<group>";
		};
		D74FCDF21D06EC08000F6913 /* LXReorderableCollectionViewFlowLayout */ = {
			isa = PBXGroup;
			children = (
				D74FCDF31D06EC08000F6913 /* LXReorderableCollectionViewFlowLayout.h */,
				D74FCDF41D06EC08000F6913 /* LXReorderableCollectionViewFlowLayout.m */,
			);
			path = LXReorderableCollectionViewFlowLayout;
			sourceTree = "<group>";
		};
		D74FCDF61D06EC50000F6913 /* ReorderCell */ = {
			isa = PBXGroup;
			children = (
				D74FCDF71D06EC6C000F6913 /* ReorderCellViewController.h */,
				D74FCDF81D06EC6C000F6913 /* ReorderCellViewController.m */,
			);
			path = ReorderCell;
			sourceTree = "<group>";
		};
		D75D630E1CF58A9800DEE815 = {
			isa = PBXGroup;
			children = (
				D75D63191CF58A9800DEE815 /* TTCollectionView */,
				D75D63331CF58A9800DEE815 /* TTCollectionViewTests */,
				D75D633E1CF58A9800DEE815 /* TTCollectionViewUITests */,
				D75D63181CF58A9800DEE815 /* Products */,
			);
			sourceTree = "<group>";
		};
		D75D63181CF58A9800DEE815 /* Products */ = {
			isa = PBXGroup;
			children = (
				D75D63171CF58A9800DEE815 /* TTCollectionView.app */,
				D75D63301CF58A9800DEE815 /* TTCollectionViewTests.xctest */,
				D75D633B1CF58A9800DEE815 /* TTCollectionViewUITests.xctest */,
			);
			name = Products;
			sourceTree = "<group>";
		};
		D75D63191CF58A9800DEE815 /* TTCollectionView */ = {
			isa = PBXGroup;
			children = (
				D7D5E8EA1CF9DA5800B0EE97 /* Demo */,
				D74FCDF21D06EC08000F6913 /* LXReorderableCollectionViewFlowLayout */,
				D71CA6671D0180F900C825B3 /* SlideZoomIn */,
				D75D63581CF5B02500DEE815 /* Resources */,
				D7D5E8E61CF9D63100B0EE97 /* CHTCollectionViewWaterfallLayout */,
				D75D634D1CF5982900DEE815 /* InfiniteCarousel */,
				D7F572B81D0010A200435D96 /* StretchyHeader */,
				D75D631D1CF58A9800DEE815 /* AppDelegate.h */,
				D75D631E1CF58A9800DEE815 /* AppDelegate.m */,
				D75D63231CF58A9800DEE815 /* Main.storyboard */,
				D75D63261CF58A9800DEE815 /* Assets.xcassets */,
				D75D63281CF58A9800DEE815 /* LaunchScreen.storyboard */,
				D75D632B1CF58A9800DEE815 /* Info.plist */,
				D75D631A1CF58A9800DEE815 /* Supporting Files */,
			);
			path = TTCollectionView;
			sourceTree = "<group>";
		};
		D75D631A1CF58A9800DEE815 /* Supporting Files */ = {
			isa = PBXGroup;
			children = (
				D75D631B1CF58A9800DEE815 /* main.m */,
			);
			name = "Supporting Files";
			sourceTree = "<group>";
		};
		D75D63331CF58A9800DEE815 /* TTCollectionViewTests */ = {
			isa = PBXGroup;
			children = (
				D75D63341CF58A9800DEE815 /* TTCollectionViewTests.m */,
				D75D63361CF58A9800DEE815 /* Info.plist */,
			);
			path = TTCollectionViewTests;
			sourceTree = "<group>";
		};
		D75D633E1CF58A9800DEE815 /* TTCollectionViewUITests */ = {
			isa = PBXGroup;
			children = (
				D75D633F1CF58A9800DEE815 /* TTCollectionViewUITests.m */,
				D75D63411CF58A9800DEE815 /* Info.plist */,
			);
			path = TTCollectionViewUITests;
			sourceTree = "<group>";
		};
		D75D634D1CF5982900DEE815 /* InfiniteCarousel */ = {
			isa = PBXGroup;
			children = (
				D75D634E1CF5991700DEE815 /* TTMInfiniteCarouselView.h */,
				D75D634F1CF5991700DEE815 /* TTMInfiniteCarouselView.m */,
				D75D63531CF59DFC00DEE815 /* TTMInfiniteCarouselItem.h */,
				D75D63541CF59DFC00DEE815 /* TTMInfiniteCarouselItem.m */,
				D75D63551CF59DFC00DEE815 /* TTMInfiniteCarouselItem.xib */,
			);
			path = InfiniteCarousel;
			sourceTree = "<group>";
		};
		D75D63581CF5B02500DEE815 /* Resources */ = {
			isa = PBXGroup;
			children = (
				D7A2F81A1D004D2700F2FB20 /* StretchyHeader */,
				D7D5E8F91CF9FB7000B0EE97 /* WaterFall */,
				D7D5E8EE1CF9FB6800B0EE97 /* InfiniteCarousel */,
			);
			path = Resources;
			sourceTree = "<group>";
		};
		D7A2F81A1D004D2700F2FB20 /* StretchyHeader */ = {
			isa = PBXGroup;
			children = (
				D7A2F81B1D00530900F2FB20 /* tiger.jpg */,
				D7A2F81C1D00530900F2FB20 /* car.jpg */,
			);
			path = StretchyHeader;
			sourceTree = "<group>";
		};
		D7D5E8E61CF9D63100B0EE97 /* CHTCollectionViewWaterfallLayout */ = {
			isa = PBXGroup;
			children = (
				D7D5E8E71CF9D63100B0EE97 /* CHTCollectionViewWaterfallLayout.h */,
				D7D5E8E81CF9D63100B0EE97 /* CHTCollectionViewWaterfallLayout.m */,
			);
			path = CHTCollectionViewWaterfallLayout;
			sourceTree = "<group>";
		};
		D7D5E8EA1CF9DA5800B0EE97 /* Demo */ = {
			isa = PBXGroup;
			children = (
				D74FCDF61D06EC50000F6913 /* ReorderCell */,
				D71CA66B1D01887C00C825B3 /* SlideZoomIn */,
				D7F572B91D0010CD00435D96 /* StretchyHeader */,
				D7D5E9231CFA025800B0EE97 /* InfiniteCarousel */,
				D7D5E9221CFA024D00B0EE97 /* WaterFall */,
			);
			path = Demo;
			sourceTree = "<group>";
		};
		D7D5E8EE1CF9FB6800B0EE97 /* InfiniteCarousel */ = {
			isa = PBXGroup;
			children = (
				D7D5E8EF1CF9FB6800B0EE97 /* 1_750x300.jpg */,
				D7D5E8F01CF9FB6800B0EE97 /* 2_750x300.jpg */,
				D7D5E8F11CF9FB6800B0EE97 /* 3_750x300.jpg */,
				D7D5E8F21CF9FB6800B0EE97 /* 4_750x300.jpg */,
				D7D5E8F31CF9FB6800B0EE97 /* 5_750x300.jpg */,
			);
			path = InfiniteCarousel;
			sourceTree = "<group>";
		};
		D7D5E8F91CF9FB7000B0EE97 /* WaterFall */ = {
			isa = PBXGroup;
			children = (
				D7D5E8FA1CFA012200B0EE97 /* 300X768.jpg */,
				D7D5E8FB1CFA012200B0EE97 /* 380X475.jpg */,
				D7D5E8FC1CFA012200B0EE97 /* 400*575.jpg */,
				D7D5E8FD1CFA012200B0EE97 /* 425X638.jpg */,
				D7D5E8FE1CFA012200B0EE97 /* 446X666.jpg */,
				D7D5E8FF1CFA012200B0EE97 /* 457X500.jpg */,
				D7D5E9001CFA012200B0EE97 /* 460X460.jpg */,
				D7D5E9011CFA012200B0EE97 /* 474X474-2.jpg */,
				D7D5E9021CFA012200B0EE97 /* 474X474-3.jpg */,
				D7D5E9031CFA012200B0EE97 /* 474X474.jpg */,
				D7D5E9041CFA012200B0EE97 /* 474X639.jpg */,
				D7D5E9051CFA012200B0EE97 /* 474X663.jpg */,
				D7D5E9061CFA012200B0EE97 /* 474X701.jpg */,
				D7D5E9071CFA012200B0EE97 /* 474X710.jpg */,
				D7D5E9081CFA012200B0EE97 /* 474X711-2.jpg */,
				D7D5E9091CFA012200B0EE97 /* 474X711.jpg */,
				D7D5E90A1CFA012200B0EE97 /* 474X713.jpg */,
				D7D5E90B1CFA012200B0EE97 /* 474X754.jpg */,
				D7D5E90C1CFA012200B0EE97 /* 474X779.jpg */,
				D7D5E90D1CFA012200B0EE97 /* 474X1510.jpg */,
			);
			path = WaterFall;
			sourceTree = "<group>";
		};
		D7D5E9221CFA024D00B0EE97 /* WaterFall */ = {
			isa = PBXGroup;
			children = (
				D7D5E9271CFA028700B0EE97 /* WaterFallCollectionViewCell.h */,
				D7D5E9281CFA028700B0EE97 /* WaterFallCollectionViewCell.m */,
				D7D5E92A1CFA033500B0EE97 /* WaterFallViewController.h */,
				D7D5E92B1CFA033500B0EE97 /* WaterFallViewController.m */,
			);
			path = WaterFall;
			sourceTree = "<group>";
		};
		D7D5E9231CFA025800B0EE97 /* InfiniteCarousel */ = {
			isa = PBXGroup;
			children = (
				D7D5E9241CFA025800B0EE97 /* InfiniteCarouselDemoVC.h */,
				D7D5E9251CFA025800B0EE97 /* InfiniteCarouselDemoVC.m */,
			);
			path = InfiniteCarousel;
			sourceTree = "<group>";
		};
		D7F572B81D0010A200435D96 /* StretchyHeader */ = {
			isa = PBXGroup;
			children = (
				D7F572BA1D0013EF00435D96 /* TTMStretchyHeaderCollectionViewLayout.h */,
				D7F572BB1D0013EF00435D96 /* TTMStretchyHeaderCollectionViewLayout.m */,
			);
			path = StretchyHeader;
			sourceTree = "<group>";
		};
		D7F572B91D0010CD00435D96 /* StretchyHeader */ = {
			isa = PBXGroup;
			children = (
				D7F572BD1D00196B00435D96 /* StretchyHeaderViewController.h */,
				D7F572BE1D00196B00435D96 /* StretchyHeaderViewController.m */,
				D7A2F8151D003F2000F2FB20 /* StretchyHeaderSectionHeaderCollectionReusableView.h */,
				D7A2F8161D003F2000F2FB20 /* StretchyHeaderSectionHeaderCollectionReusableView.m */,
				D7A2F8171D003F2000F2FB20 /* StretchyHeaderSectionHeaderCollectionReusableView.xib */,
			);
			path = StretchyHeader;
			sourceTree = "<group>";
		};
/* End PBXGroup section */

/* Begin PBXNativeTarget section */
		D75D63161CF58A9800DEE815 /* TTCollectionView */ = {
			isa = PBXNativeTarget;
			buildConfigurationList = D75D63441CF58A9800DEE815 /* Build configuration list for PBXNativeTarget "TTCollectionView" */;
			buildPhases = (
				D75D63131CF58A9800DEE815 /* Sources */,
				D75D63141CF58A9800DEE815 /* Frameworks */,
				D75D63151CF58A9800DEE815 /* Resources */,
			);
			buildRules = (
			);
			dependencies = (
			);
			name = TTCollectionView;
			productName = TTCollectionView;
			productReference = D75D63171CF58A9800DEE815 /* TTCollectionView.app */;
			productType = "com.apple.product-type.application";
		};
		D75D632F1CF58A9800DEE815 /* TTCollectionViewTests */ = {
			isa = PBXNativeTarget;
			buildConfigurationList = D75D63471CF58A9800DEE815 /* Build configuration list for PBXNativeTarget "TTCollectionViewTests" */;
			buildPhases = (
				D75D632C1CF58A9800DEE815 /* Sources */,
				D75D632D1CF58A9800DEE815 /* Frameworks */,
				D75D632E1CF58A9800DEE815 /* Resources */,
			);
			buildRules = (
			);
			dependencies = (
				D75D63321CF58A9800DEE815 /* PBXTargetDependency */,
			);
			name = TTCollectionViewTests;
			productName = TTCollectionViewTests;
			productReference = D75D63301CF58A9800DEE815 /* TTCollectionViewTests.xctest */;
			productType = "com.apple.product-type.bundle.unit-test";
		};
		D75D633A1CF58A9800DEE815 /* TTCollectionViewUITests */ = {
			isa = PBXNativeTarget;
			buildConfigurationList = D75D634A1CF58A9800DEE815 /* Build configuration list for PBXNativeTarget "TTCollectionViewUITests" */;
			buildPhases = (
				D75D63371CF58A9800DEE815 /* Sources */,
				D75D63381CF58A9800DEE815 /* Frameworks */,
				D75D63391CF58A9800DEE815 /* Resources */,
			);
			buildRules = (
			);
			dependencies = (
				D75D633D1CF58A9800DEE815 /* PBXTargetDependency */,
			);
			name = TTCollectionViewUITests;
			productName = TTCollectionViewUITests;
			productReference = D75D633B1CF58A9800DEE815 /* TTCollectionViewUITests.xctest */;
			productType = "com.apple.product-type.bundle.ui-testing";
		};
/* End PBXNativeTarget section */

/* Begin PBXProject section */
		D75D630F1CF58A9800DEE815 /* Project object */ = {
			isa = PBXProject;
			attributes = {
				LastUpgradeCheck = 0730;
				ORGANIZATIONNAME = phenix;
				TargetAttributes = {
					D75D63161CF58A9800DEE815 = {
						CreatedOnToolsVersion = 7.3;
					};
					D75D632F1CF58A9800DEE815 = {
						CreatedOnToolsVersion = 7.3;
						TestTargetID = D75D63161CF58A9800DEE815;
					};
					D75D633A1CF58A9800DEE815 = {
						CreatedOnToolsVersion = 7.3;
						TestTargetID = D75D63161CF58A9800DEE815;
					};
				};
			};
			buildConfigurationList = D75D63121CF58A9800DEE815 /* Build configuration list for PBXProject "TTCollectionView" */;
			compatibilityVersion = "Xcode 3.2";
			developmentRegion = English;
			hasScannedForEncodings = 0;
			knownRegions = (
				en,
				Base,
			);
			mainGroup = D75D630E1CF58A9800DEE815;
			productRefGroup = D75D63181CF58A9800DEE815 /* Products */;
			projectDirPath = "";
			projectRoot = "";
			targets = (
				D75D63161CF58A9800DEE815 /* TTCollectionView */,
				D75D632F1CF58A9800DEE815 /* TTCollectionViewTests */,
				D75D633A1CF58A9800DEE815 /* TTCollectionViewUITests */,
			);
		};
/* End PBXProject section */

/* Begin PBXResourcesBuildPhase section */
		D75D63151CF58A9800DEE815 /* Resources */ = {
			isa = PBXResourcesBuildPhase;
			buildActionMask = 2147483647;
			files = (
				D75D632A1CF58A9800DEE815 /* LaunchScreen.storyboard in Resources */,
				D7D5E9101CFA012200B0EE97 /* 400*575.jpg in Resources */,
				D7D5E90F1CFA012200B0EE97 /* 380X475.jpg in Resources */,
				D7D5E8F61CF9FB6800B0EE97 /* 3_750x300.jpg in Resources */,
				D7D5E9201CFA012200B0EE97 /* 474X779.jpg in Resources */,
				D75D63271CF58A9800DEE815 /* Assets.xcassets in Resources */,
				D7D5E8F81CF9FB6800B0EE97 /* 5_750x300.jpg in Resources */,
				D7D5E91E1CFA012200B0EE97 /* 474X713.jpg in Resources */,
				D7D5E9161CFA012200B0EE97 /* 474X474-3.jpg in Resources */,
				D7D5E91D1CFA012200B0EE97 /* 474X711.jpg in Resources */,
				D7D5E9141CFA012200B0EE97 /* 460X460.jpg in Resources */,
				D7D5E9191CFA012200B0EE97 /* 474X663.jpg in Resources */,
				D7A2F81E1D00530900F2FB20 /* car.jpg in Resources */,
				D7D5E91A1CFA012200B0EE97 /* 474X701.jpg in Resources */,
				D7D5E8F51CF9FB6800B0EE97 /* 2_750x300.jpg in Resources */,
				D75D63571CF59DFC00DEE815 /* TTMInfiniteCarouselItem.xib in Resources */,
				D75D63251CF58A9800DEE815 /* Main.storyboard in Resources */,
				D7A2F81D1D00530900F2FB20 /* tiger.jpg in Resources */,
				D7D5E9171CFA012200B0EE97 /* 474X474.jpg in Resources */,
				D7A2F8191D003F2000F2FB20 /* StretchyHeaderSectionHeaderCollectionReusableView.xib in Resources */,
				D7D5E8F71CF9FB6800B0EE97 /* 4_750x300.jpg in Resources */,
				D7D5E91F1CFA012200B0EE97 /* 474X754.jpg in Resources */,
				D7D5E9151CFA012200B0EE97 /* 474X474-2.jpg in Resources */,
				D71CA6731D0192E200C825B3 /* SlideZoomInCollectionViewCell.xib in Resources */,
				D7D5E91B1CFA012200B0EE97 /* 474X710.jpg in Resources */,
				D7D5E9121CFA012200B0EE97 /* 446X666.jpg in Resources */,
				D7D5E90E1CFA012200B0EE97 /* 300X768.jpg in Resources */,
				D7D5E91C1CFA012200B0EE97 /* 474X711-2.jpg in Resources */,
				D7D5E9111CFA012200B0EE97 /* 425X638.jpg in Resources */,
				D7D5E9211CFA012200B0EE97 /* 474X1510.jpg in Resources */,
				D7D5E9131CFA012200B0EE97 /* 457X500.jpg in Resources */,
				D7D5E8F41CF9FB6800B0EE97 /* 1_750x300.jpg in Resources */,
				D7D5E9181CFA012200B0EE97 /* 474X639.jpg in Resources */,
			);
			runOnlyForDeploymentPostprocessing = 0;
		};
		D75D632E1CF58A9800DEE815 /* Resources */ = {
			isa = PBXResourcesBuildPhase;
			buildActionMask = 2147483647;
			files = (
			);
			runOnlyForDeploymentPostprocessing = 0;
		};
		D75D63391CF58A9800DEE815 /* Resources */ = {
			isa = PBXResourcesBuildPhase;
			buildActionMask = 2147483647;
			files = (
			);
			runOnlyForDeploymentPostprocessing = 0;
		};
/* End PBXResourcesBuildPhase section */

/* Begin PBXSourcesBuildPhase section */
		D75D63131CF58A9800DEE815 /* Sources */ = {
			isa = PBXSourcesBuildPhase;
			buildActionMask = 2147483647;
			files = (
				D74FCDF51D06EC08000F6913 /* LXReorderableCollectionViewFlowLayout.m in Sources */,
				D7A2F8181D003F2000F2FB20 /* StretchyHeaderSectionHeaderCollectionReusableView.m in Sources */,
				D75D63501CF5991700DEE815 /* TTMInfiniteCarouselView.m in Sources */,
				D7D5E8E91CF9D63100B0EE97 /* CHTCollectionViewWaterfallLayout.m in Sources */,
				D75D631F1CF58A9800DEE815 /* AppDelegate.m in Sources */,
				D75D631C1CF58A9800DEE815 /* main.m in Sources */,
				D71CA66A1D01812A00C825B3 /* TTMSlideZoomInFlowLayout.m in Sources */,
				D7F572BC1D0013EF00435D96 /* TTMStretchyHeaderCollectionViewLayout.m in Sources */,
				D74FCDF91D06EC6C000F6913 /* ReorderCellViewController.m in Sources */,
				D75D63561CF59DFC00DEE815 /* TTMInfiniteCarouselItem.m in Sources */,
				D7D5E92C1CFA033500B0EE97 /* WaterFallViewController.m in Sources */,
				D7D5E9291CFA028700B0EE97 /* WaterFallCollectionViewCell.m in Sources */,
				D7D5E9261CFA025800B0EE97 /* InfiniteCarouselDemoVC.m in Sources */,
				D7F572BF1D00196B00435D96 /* StretchyHeaderViewController.m in Sources */,
				D71CA6711D018D2D00C825B3 /* SlideZoomInCollectionViewCell.m in Sources */,
				D71CA66E1D01896100C825B3 /* SlideZoomInViewController.m in Sources */,
			);
			runOnlyForDeploymentPostprocessing = 0;
		};
		D75D632C1CF58A9800DEE815 /* Sources */ = {
			isa = PBXSourcesBuildPhase;
			buildActionMask = 2147483647;
			files = (
				D75D63351CF58A9800DEE815 /* TTCollectionViewTests.m in Sources */,
			);
			runOnlyForDeploymentPostprocessing = 0;
		};
		D75D63371CF58A9800DEE815 /* Sources */ = {
			isa = PBXSourcesBuildPhase;
			buildActionMask = 2147483647;
			files = (
				D75D63401CF58A9800DEE815 /* TTCollectionViewUITests.m in Sources */,
			);
			runOnlyForDeploymentPostprocessing = 0;
		};
/* End PBXSourcesBuildPhase section */

/* Begin PBXTargetDependency section */
		D75D63321CF58A9800DEE815 /* PBXTargetDependency */ = {
			isa = PBXTargetDependency;
			target = D75D63161CF58A9800DEE815 /* TTCollectionView */;
			targetProxy = D75D63311CF58A9800DEE815 /* PBXContainerItemProxy */;
		};
		D75D633D1CF58A9800DEE815 /* PBXTargetDependency */ = {
			isa = PBXTargetDependency;
			target = D75D63161CF58A9800DEE815 /* TTCollectionView */;
			targetProxy = D75D633C1CF58A9800DEE815 /* PBXContainerItemProxy */;
		};
/* End PBXTargetDependency section */

/* Begin PBXVariantGroup section */
		D75D63231CF58A9800DEE815 /* Main.storyboard */ = {
			isa = PBXVariantGroup;
			children = (
				D75D63241CF58A9800DEE815 /* Base */,
			);
			name = Main.storyboard;
			sourceTree = "<group>";
		};
		D75D63281CF58A9800DEE815 /* LaunchScreen.storyboard */ = {
			isa = PBXVariantGroup;
			children = (
				D75D63291CF58A9800DEE815 /* Base */,
			);
			name = LaunchScreen.storyboard;
			sourceTree = "<group>";
		};
/* End PBXVariantGroup section */

/* Begin XCBuildConfiguration section */
		D75D63421CF58A9800DEE815 /* Debug */ = {
			isa = XCBuildConfiguration;
			buildSettings = {
				ALWAYS_SEARCH_USER_PATHS = NO;
				CLANG_ANALYZER_NONNULL = YES;
				CLANG_CXX_LANGUAGE_STANDARD = "gnu++0x";
				CLANG_CXX_LIBRARY = "libc++";
				CLANG_ENABLE_MODULES = YES;
				CLANG_ENABLE_OBJC_ARC = YES;
				CLANG_WARN_BOOL_CONVERSION = YES;
				CLANG_WARN_CONSTANT_CONVERSION = YES;
				CLANG_WARN_DIRECT_OBJC_ISA_USAGE = YES_ERROR;
				CLANG_WARN_EMPTY_BODY = YES;
				CLANG_WARN_ENUM_CONVERSION = YES;
				CLANG_WARN_INT_CONVERSION = YES;
				CLANG_WARN_OBJC_ROOT_CLASS = YES_ERROR;
				CLANG_WARN_UNREACHABLE_CODE = YES;
				CLANG_WARN__DUPLICATE_METHOD_MATCH = YES;
				"CODE_SIGN_IDENTITY[sdk=iphoneos*]" = "iPhone Developer";
				COPY_PHASE_STRIP = NO;
				DEBUG_INFORMATION_FORMAT = dwarf;
				ENABLE_STRICT_OBJC_MSGSEND = YES;
				ENABLE_TESTABILITY = YES;
				GCC_C_LANGUAGE_STANDARD = gnu99;
				GCC_DYNAMIC_NO_PIC = NO;
				GCC_NO_COMMON_BLOCKS = YES;
				GCC_OPTIMIZATION_LEVEL = 0;
				GCC_PREPROCESSOR_DEFINITIONS = (
					"DEBUG=1",
					"$(inherited)",
				);
				GCC_WARN_64_TO_32_BIT_CONVERSION = YES;
				GCC_WARN_ABOUT_RETURN_TYPE = YES_ERROR;
				GCC_WARN_UNDECLARED_SELECTOR = YES;
				GCC_WARN_UNINITIALIZED_AUTOS = YES_AGGRESSIVE;
				GCC_WARN_UNUSED_FUNCTION = YES;
				GCC_WARN_UNUSED_VARIABLE = YES;
				IPHONEOS_DEPLOYMENT_TARGET = 9.3;
				MTL_ENABLE_DEBUG_INFO = YES;
				ONLY_ACTIVE_ARCH = YES;
				SDKROOT = iphoneos;
				TARGETED_DEVICE_FAMILY = "1,2";
			};
			name = Debug;
		};
		D75D63431CF58A9800DEE815 /* Release */ = {
			isa = XCBuildConfiguration;
			buildSettings = {
				ALWAYS_SEARCH_USER_PATHS = NO;
				CLANG_ANALYZER_NONNULL = YES;
				CLANG_CXX_LANGUAGE_STANDARD = "gnu++0x";
				CLANG_CXX_LIBRARY = "libc++";
				CLANG_ENABLE_MODULES = YES;
				CLANG_ENABLE_OBJC_ARC = YES;
				CLANG_WARN_BOOL_CONVERSION = YES;
				CLANG_WARN_CONSTANT_CONVERSION = YES;
				CLANG_WARN_DIRECT_OBJC_ISA_USAGE = YES_ERROR;
				CLANG_WARN_EMPTY_BODY = YES;
				CLANG_WARN_ENUM_CONVERSION = YES;
				CLANG_WARN_INT_CONVERSION = YES;
				CLANG_WARN_OBJC_ROOT_CLASS = YES_ERROR;
				CLANG_WARN_UNREACHABLE_CODE = YES;
				CLANG_WARN__DUPLICATE_METHOD_MATCH = YES;
				"CODE_SIGN_IDENTITY[sdk=iphoneos*]" = "iPhone Developer";
				COPY_PHASE_STRIP = NO;
				DEBUG_INFORMATION_FORMAT = "dwarf-with-dsym";
				ENABLE_NS_ASSERTIONS = NO;
				ENABLE_STRICT_OBJC_MSGSEND = YES;
				GCC_C_LANGUAGE_STANDARD = gnu99;
				GCC_NO_COMMON_BLOCKS = YES;
				GCC_WARN_64_TO_32_BIT_CONVERSION = YES;
				GCC_WARN_ABOUT_RETURN_TYPE = YES_ERROR;
				GCC_WARN_UNDECLARED_SELECTOR = YES;
				GCC_WARN_UNINITIALIZED_AUTOS = YES_AGGRESSIVE;
				GCC_WARN_UNUSED_FUNCTION = YES;
				GCC_WARN_UNUSED_VARIABLE = YES;
				IPHONEOS_DEPLOYMENT_TARGET = 9.3;
				MTL_ENABLE_DEBUG_INFO = NO;
				SDKROOT = iphoneos;
				TARGETED_DEVICE_FAMILY = "1,2";
				VALIDATE_PRODUCT = YES;
			};
			name = Release;
		};
		D75D63451CF58A9800DEE815 /* Debug */ = {
			isa = XCBuildConfiguration;
			buildSettings = {
				ASSETCATALOG_COMPILER_APPICON_NAME = AppIcon;
				INFOPLIST_FILE = TTCollectionView/Info.plist;
				IPHONEOS_DEPLOYMENT_TARGET = 7.0;
				LD_RUNPATH_SEARCH_PATHS = "$(inherited) @executable_path/Frameworks";
				PRODUCT_BUNDLE_IDENTIFIER = com.tt.TTCollectionView;
				PRODUCT_NAME = "$(TARGET_NAME)";
			};
			name = Debug;
		};
		D75D63461CF58A9800DEE815 /* Release */ = {
			isa = XCBuildConfiguration;
			buildSettings = {
				ASSETCATALOG_COMPILER_APPICON_NAME = AppIcon;
				INFOPLIST_FILE = TTCollectionView/Info.plist;
				IPHONEOS_DEPLOYMENT_TARGET = 7.0;
				LD_RUNPATH_SEARCH_PATHS = "$(inherited) @executable_path/Frameworks";
				PRODUCT_BUNDLE_IDENTIFIER = com.tt.TTCollectionView;
				PRODUCT_NAME = "$(TARGET_NAME)";
			};
			name = Release;
		};
		D75D63481CF58A9800DEE815 /* Debug */ = {
			isa = XCBuildConfiguration;
			buildSettings = {
				BUNDLE_LOADER = "$(TEST_HOST)";
				INFOPLIST_FILE = TTCollectionViewTests/Info.plist;
				LD_RUNPATH_SEARCH_PATHS = "$(inherited) @executable_path/Frameworks @loader_path/Frameworks";
				PRODUCT_BUNDLE_IDENTIFIER = com.tt.TTCollectionViewTests;
				PRODUCT_NAME = "$(TARGET_NAME)";
				TEST_HOST = "$(BUILT_PRODUCTS_DIR)/TTCollectionView.app/TTCollectionView";
			};
			name = Debug;
		};
		D75D63491CF58A9800DEE815 /* Release */ = {
			isa = XCBuildConfiguration;
			buildSettings = {
				BUNDLE_LOADER = "$(TEST_HOST)";
				INFOPLIST_FILE = TTCollectionViewTests/Info.plist;
				LD_RUNPATH_SEARCH_PATHS = "$(inherited) @executable_path/Frameworks @loader_path/Frameworks";
				PRODUCT_BUNDLE_IDENTIFIER = com.tt.TTCollectionViewTests;
				PRODUCT_NAME = "$(TARGET_NAME)";
				TEST_HOST = "$(BUILT_PRODUCTS_DIR)/TTCollectionView.app/TTCollectionView";
			};
			name = Release;
		};
		D75D634B1CF58A9800DEE815 /* Debug */ = {
			isa = XCBuildConfiguration;
			buildSettings = {
				INFOPLIST_FILE = TTCollectionViewUITests/Info.plist;
				LD_RUNPATH_SEARCH_PATHS = "$(inherited) @executable_path/Frameworks @loader_path/Frameworks";
				PRODUCT_BUNDLE_IDENTIFIER = com.tt.TTCollectionViewUITests;
				PRODUCT_NAME = "$(TARGET_NAME)";
				TEST_TARGET_NAME = TTCollectionView;
			};
			name = Debug;
		};
		D75D634C1CF58A9800DEE815 /* Release */ = {
			isa = XCBuildConfiguration;
			buildSettings = {
				INFOPLIST_FILE = TTCollectionViewUITests/Info.plist;
				LD_RUNPATH_SEARCH_PATHS = "$(inherited) @executable_path/Frameworks @loader_path/Frameworks";
				PRODUCT_BUNDLE_IDENTIFIER = com.tt.TTCollectionViewUITests;
				PRODUCT_NAME = "$(TARGET_NAME)";
				TEST_TARGET_NAME = TTCollectionView;
			};
			name = Release;
		};
/* End XCBuildConfiguration section */

/* Begin XCConfigurationList section */
		D75D63121CF58A9800DEE815 /* Build configuration list for PBXProject "TTCollectionView" */ = {
			isa = XCConfigurationList;
			buildConfigurations = (
				D75D63421CF58A9800DEE815 /* Debug */,
				D75D63431CF58A9800DEE815 /* Release */,
			);
			defaultConfigurationIsVisible = 0;
			defaultConfigurationName = Release;
		};
		D75D63441CF58A9800DEE815 /* Build configuration list for PBXNativeTarget "TTCollectionView" */ = {
			isa = XCConfigurationList;
			buildConfigurations = (
				D75D63451CF58A9800DEE815 /* Debug */,
				D75D63461CF58A9800DEE815 /* Release */,
			);
			defaultConfigurationIsVisible = 0;
			defaultConfigurationName = Release;
		};
		D75D63471CF58A9800DEE815 /* Build configuration list for PBXNativeTarget "TTCollectionViewTests" */ = {
			isa = XCConfigurationList;
			buildConfigurations = (
				D75D63481CF58A9800DEE815 /* Debug */,
				D75D63491CF58A9800DEE815 /* Release */,
			);
			defaultConfigurationIsVisible = 0;
			defaultConfigurationName = Release;
		};
		D75D634A1CF58A9800DEE815 /* Build configuration list for PBXNativeTarget "TTCollectionViewUITests" */ = {
			isa = XCConfigurationList;
			buildConfigurations = (
				D75D634B1CF58A9800DEE815 /* Debug */,
				D75D634C1CF58A9800DEE815 /* Release */,
			);
			defaultConfigurationIsVisible = 0;
			defaultConfigurationName = Release;
		};
/* End XCConfigurationList section */
	};
	rootObject = D75D630F1CF58A9800DEE815 /* Project object */;
}
